
Microsoft Visual Studio Solution File, Format Version 12.00
# Visual Studio Version 17
VisualStudioVersion = 17.14.37531.7
MinimumVisualStudioVersion = 10.0.40219.1
Project("{FAE04EC0-301F-11D3-BF4B-00C04F79EFBC}") = "AzureSamples.Api", "AzureSamples.Api\AzureSamples.Api.csproj", "{82133ED8-FB0C-4D93-A76C-04307023C6E3}"
EndProject
Project("{FAE04EC0-301F-11D3-BF4B-00C04F79EFBC}") = "AzureSamples.Core", "AzureSamples.Core\AzureSamples.Core.csproj", "{AC548B44-478E-4C76-B68F-39ED14077255}"
EndProject
Project("{FAE04EC0-301F-11D3-BF4B-00C04F79EFBC}") = "AzureSamples.Infrastructure", "AzureSamples.Infrastructure\AzureSamples.Infrastructure.csproj", "{32C70067-8D9A-443D-BFE0-77EA73035061}"
EndProject
Global
	GlobalSection(SolutionConfigurationPlatforms) = preSolution
		Debug|Any CPU = Debug|Any CPU
		Release|Any CPU = Release|Any CPU
	EndGlobalSection
	GlobalSection(ProjectConfigurationPlatforms) = postSolution
		{82133ED8-FB0C-4D93-A76C-04307023C6E3}.Debug|Any CPU.ActiveCfg = Debug|Any CPU
		{82133ED8-FB0C-4D93-A76C-04307023C6E3}.Debug|Any CPU.Build.0 = Debug|Any CPU
		{82133ED8-FB0C-4D93-A76C-04307023C6E3}.Release|Any CPU.ActiveCfg = Release|Any CPU
		{82133ED8-FB0C-4D93-A76C-04307023C6E3}.Release|Any CPU.Build.0 = Release|Any CPU
		{AC548B44-478E-4C76-B68F-39ED14077255}.Debug|Any CPU.ActiveCfg = Debug|Any CPU
		{AC548B44-478E-4C76-B68F-39ED14077255}.Debug|Any CPU.Build.0 = Debug|Any CPU
		{AC548B44-478E-4C76-B68F-39ED14077255}.Release|Any CPU.ActiveCfg = Release|Any CPU
		{AC548B44-478E-4C76-B68F-39ED14077255}.Release|Any CPU.Build.0 = Release|Any CPU
		{32C70067-8D9A-443D-BFE0-77EA73035061}.Debug|Any CPU.ActiveCfg = Debug|Any CPU
		{32C70067-8D9A-443D-BFE0-77EA73035061}.Debug|Any CPU.Build.0 = Debug|Any CPU
		{32C70067-8D9A-443D-BFE0-77EA73035061}.Release|Any CPU.ActiveCfg = Release|Any CPU
		{32C70067-8D9A-443D-BFE0-77EA73035061}.Release|Any CPU.Build.0 = Release|Any CPU
	EndGlobalSection
	GlobalSection(SolutionProperties) = preSolution
		HideSolutionNode = FALSE
	EndGlobalSection
	GlobalSection(ExtensibilityGlobals) = postSolution
		SolutionGuid = {BB532729-787E-491E-8A2C-9FE5C67C8325}
	EndGlobalSection
EndGlobal
